
Microsoft Visual Studio Solution File, Format Version 12.00
# Visual Studio Version 16
VisualStudioVersion = 16.0.31624.102
MinimumVisualStudioVersion = 10.0.40219.1
Project("{9A19103F-16F7-4668-BE54-9A1E7A4F7556}") = "EasyQuotationManager", "EasyQuotationManager\EasyQuotationManager.csproj", "{472D70E8-09D1-4078-9890-16A66C733923}"
EndProject
Project("{9A19103F-16F7-4668-BE54-9A1E7A4F7556}") = "EasyQuotationManager.Shared", "EasyQuotationManager.Shared\EasyQuotationManager.Shared.csproj", "{7B4B8547-C1E5-48E8-974B-4073BA3FD401}"
EndProject
Project("{9A19103F-16F7-4668-BE54-9A1E7A4F7556}") = "EasyQuotationManager.Model", "EasyQuotationManager.Model\EasyQuotationManager.Model.csproj", "{59448623-A664-449D-8F81-CC6D3B0C824A}"
EndProject
Global
	GlobalSection(SolutionConfigurationPlatforms) = preSolution
		Debug|Any CPU = Debug|Any CPU
		Release|Any CPU = Release|Any CPU
	EndGlobalSection
	GlobalSection(ProjectConfigurationPlatforms) = postSolution
		{472D70E8-09D1-4078-9890-16A66C733923}.Debug|Any CPU.ActiveCfg = Debug|Any CPU
		{472D70E8-09D1-4078-9890-16A66C733923}.Debug|Any CPU.Build.0 = Debug|Any CPU
		{472D70E8-09D1-4078-9890-16A66C733923}.Release|Any CPU.ActiveCfg = Release|Any CPU
		{472D70E8-09D1-4078-9890-16A66C733923}.Release|Any CPU.Build.0 = Release|Any CPU
		{7B4B8547-C1E5-48E8-974B-4073BA3FD401}.Debug|Any CPU.ActiveCfg = Debug|Any CPU
		{7B4B8547-C1E5-48E8-974B-4073BA3FD401}.Debug|Any CPU.Build.0 = Debug|Any CPU
		{7B4B8547-C1E5-48E8-974B-4073BA3FD401}.Release|Any CPU.ActiveCfg = Release|Any CPU
		{7B4B8547-C1E5-48E8-974B-4073BA3FD401}.Release|Any CPU.Build.0 = Release|Any CPU
		{59448623-A664-449D-8F81-CC6D3B0C824A}.Debug|Any CPU.ActiveCfg = Debug|Any CPU
		{59448623-A664-449D-8F81-CC6D3B0C824A}.Debug|Any CPU.Build.0 = Debug|Any CPU
		{59448623-A664-449D-8F81-CC6D3B0C824A}.Release|Any CPU.ActiveCfg = Release|Any CPU
		{59448623-A664-449D-8F81-CC6D3B0C824A}.Release|Any CPU.Build.0 = Release|Any CPU
	EndGlobalSection
	GlobalSection(SolutionProperties) = preSolution
		HideSolutionNode = FALSE
	EndGlobalSection
	GlobalSection(ExtensibilityGlobals) = postSolution
		SolutionGuid = {B8F442B9-1551-4977-97BE-4001F33DA1B8}
	EndGlobalSection
EndGlobal
